
Microsoft Visual Studio Solution File, Format Version 12.00
# Visual Studio 2013
VisualStudioVersion = 12.0.31101.0
MinimumVisualStudioVersion = 10.0.40219.1
Project("{FAE04EC0-301F-11D3-BF4B-00C04F79EFBC}") = "LibSmallCssCompiler", "LibSmallCssCompiler\LibSmallCssCompiler.csproj", "{E5AF4B6E-1A68-48AB-B2CE-51B51FC33A7A}"
EndProject
Project("{FAE04EC0-301F-11D3-BF4B-00C04F79EFBC}") = "FormsCssCompiler", "FormCssCompiler\FormsCssCompiler.csproj", "{737606BA-9ECC-4E0B-B2FA-4A14E04C753D}"
EndProject
Project("{FAE04EC0-301F-11D3-BF4B-00C04F79EFBC}") = "LibHelper", "..\..\Common\LibHelper\LibHelper.csproj", "{D9E2DC6B-3E54-421F-9231-A4F3A799BC4C}"
EndProject
Project("{FAE04EC0-301F-11D3-BF4B-00C04F79EFBC}") = "LibTokenizer", "..\LibTokenizer\LibTokenizer\LibTokenizer.csproj", "{2FCD6829-E25F-4E39-86D8-9D861805EFED}"
EndProject
Project("{FAE04EC0-301F-11D3-BF4B-00C04F79EFBC}") = "FormTestLibTokenizer", "..\LibTokenizer\FormTestLibTokenizer\FormTestLibTokenizer.csproj", "{C4123F6A-0042-4E2F-B425-6A58B7E795DD}"
EndProject
Project("{FAE04EC0-301F-11D3-BF4B-00C04F79EFBC}") = "LibMarkupLanguage", "..\..\Common\LibMarkupLanguage\LibMarkupLanguage.csproj", "{CB50D1D9-55E4-4A2B-8EC7-0ADDE8D7E3BD}"
EndProject
Project("{FAE04EC0-301F-11D3-BF4B-00C04F79EFBC}") = "BauControls", "..\..\..\Controls\WinForms\BauControls\BauControls.csproj", "{F62C525C-5A46-46E1-BD18-450ACAF06E26}"
EndProject
Project("{FAE04EC0-301F-11D3-BF4B-00C04F79EFBC}") = "NhamlCompiler", "..\NhamlCompiler\LibNHamlCompiler\NhamlCompiler.csproj", "{E8DE1B6E-2E22-4D41-A0F5-D39DB95ED115}"
EndProject
Project("{FAE04EC0-301F-11D3-BF4B-00C04F79EFBC}") = "TestTemplatesHtml", "..\..\..\Testing\TestTemplatesHtml\TestTemplatesHtml\TestTemplatesHtml.csproj", "{CBB18335-3979-44F1-8291-BA44C6EB17EB}"
EndProject
Global
	GlobalSection(SolutionConfigurationPlatforms) = preSolution
		Debug|Any CPU = Debug|Any CPU
		Debug|Mixed Platforms = Debug|Mixed Platforms
		Debug|x86 = Debug|x86
		Release|Any CPU = Release|Any CPU
		Release|Mixed Platforms = Release|Mixed Platforms
		Release|x86 = Release|x86
	EndGlobalSection
	GlobalSection(ProjectConfigurationPlatforms) = postSolution
		{E5AF4B6E-1A68-48AB-B2CE-51B51FC33A7A}.Debug|Any CPU.ActiveCfg = Debug|Any CPU
		{E5AF4B6E-1A68-48AB-B2CE-51B51FC33A7A}.Debug|Any CPU.Build.0 = Debug|Any CPU
		{E5AF4B6E-1A68-48AB-B2CE-51B51FC33A7A}.Debug|Mixed Platforms.ActiveCfg = Debug|Any CPU
		{E5AF4B6E-1A68-48AB-B2CE-51B51FC33A7A}.Debug|Mixed Platforms.Build.0 = Debug|Any CPU
		{E5AF4B6E-1A68-48AB-B2CE-51B51FC33A7A}.Debug|x86.ActiveCfg = Debug|Any CPU
		{E5AF4B6E-1A68-48AB-B2CE-51B51FC33A7A}.Release|Any CPU.ActiveCfg = Release|Any CPU
		{E5AF4B6E-1A68-48AB-B2CE-51B51FC33A7A}.Release|Any CPU.Build.0 = Release|Any CPU
		{E5AF4B6E-1A68-48AB-B2CE-51B51FC33A7A}.Release|Mixed Platforms.ActiveCfg = Release|Any CPU
		{E5AF4B6E-1A68-48AB-B2CE-51B51FC33A7A}.Release|Mixed Platforms.Build.0 = Release|Any CPU
		{E5AF4B6E-1A68-48AB-B2CE-51B51FC33A7A}.Release|x86.ActiveCfg = Release|Any CPU
		{737606BA-9ECC-4E0B-B2FA-4A14E04C753D}.Debug|Any CPU.ActiveCfg = Debug|x86
		{737606BA-9ECC-4E0B-B2FA-4A14E04C753D}.Debug|Mixed Platforms.ActiveCfg = Debug|x86
		{737606BA-9ECC-4E0B-B2FA-4A14E04C753D}.Debug|Mixed Platforms.Build.0 = Debug|x86
		{737606BA-9ECC-4E0B-B2FA-4A14E04C753D}.Debug|x86.ActiveCfg = Debug|x86
		{737606BA-9ECC-4E0B-B2FA-4A14E04C753D}.Debug|x86.Build.0 = Debug|x86
		{737606BA-9ECC-4E0B-B2FA-4A14E04C753D}.Release|Any CPU.ActiveCfg = Release|x86
		{737606BA-9ECC-4E0B-B2FA-4A14E04C753D}.Release|Mixed Platforms.ActiveCfg = Release|x86
		{737606BA-9ECC-4E0B-B2FA-4A14E04C753D}.Release|Mixed Platforms.Build.0 = Release|x86
		{737606BA-9ECC-4E0B-B2FA-4A14E04C753D}.Release|x86.ActiveCfg = Release|x86
		{737606BA-9ECC-4E0B-B2FA-4A14E04C753D}.Release|x86.Build.0 = Release|x86
		{D9E2DC6B-3E54-421F-9231-A4F3A799BC4C}.Debug|Any CPU.ActiveCfg = Debug|Any CPU
		{D9E2DC6B-3E54-421F-9231-A4F3A799BC4C}.Debug|Any CPU.Build.0 = Debug|Any CPU
		{D9E2DC6B-3E54-421F-9231-A4F3A799BC4C}.Debug|Mixed Platforms.ActiveCfg = Debug|Any CPU
		{D9E2DC6B-3E54-421F-9231-A4F3A799BC4C}.Debug|Mixed Platforms.Build.0 = Debug|Any CPU
		{D9E2DC6B-3E54-421F-9231-A4F3A799BC4C}.Debug|x86.ActiveCfg = Debug|Any CPU
		{D9E2DC6B-3E54-421F-9231-A4F3A799BC4C}.Release|Any CPU.ActiveCfg = Release|Any CPU
		{D9E2DC6B-3E54-421F-9231-A4F3A799BC4C}.Release|Any CPU.Build.0 = Release|Any CPU
		{D9E2DC6B-3E54-421F-9231-A4F3A799BC4C}.Release|Mixed Platforms.ActiveCfg = Release|Any CPU
		{D9E2DC6B-3E54-421F-9231-A4F3A799BC4C}.Release|Mixed Platforms.Build.0 = Release|Any CPU
		{D9E2DC6B-3E54-421F-9231-A4F3A799BC4C}.Release|x86.ActiveCfg = Release|Any CPU
		{2FCD6829-E25F-4E39-86D8-9D861805EFED}.Debug|Any CPU.ActiveCfg = Debug|Any CPU
		{2FCD6829-E25F-4E39-86D8-9D861805EFED}.Debug|Any CPU.Build.0 = Debug|Any CPU
		{2FCD6829-E25F-4E39-86D8-9D861805EFED}.Debug|Mixed Platforms.ActiveCfg = Debug|Any CPU
		{2FCD6829-E25F-4E39-86D8-9D861805EFED}.Debug|Mixed Platforms.Build.0 = Debug|Any CPU
		{2FCD6829-E25F-4E39-86D8-9D861805EFED}.Debug|x86.ActiveCfg = Debug|Any CPU
		{2FCD6829-E25F-4E39-86D8-9D861805EFED}.Release|Any CPU.ActiveCfg = Release|Any CPU
		{2FCD6829-E25F-4E39-86D8-9D861805EFED}.Release|Any CPU.Build.0 = Release|Any CPU
		{2FCD6829-E25F-4E39-86D8-9D861805EFED}.Release|Mixed Platforms.ActiveCfg = Release|Any CPU
		{2FCD6829-E25F-4E39-86D8-9D861805EFED}.Release|Mixed Platforms.Build.0 = Release|Any CPU
		{2FCD6829-E25F-4E39-86D8-9D861805EFED}.Release|x86.ActiveCfg = Release|Any CPU
		{C4123F6A-0042-4E2F-B425-6A58B7E795DD}.Debug|Any CPU.ActiveCfg = Debug|Any CPU
		{C4123F6A-0042-4E2F-B425-6A58B7E795DD}.Debug|Any CPU.Build.0 = Debug|Any CPU
		{C4123F6A-0042-4E2F-B425-6A58B7E795DD}.Debug|Mixed Platforms.ActiveCfg = Debug|Any CPU
		{C4123F6A-0042-4E2F-B425-6A58B7E795DD}.Debug|Mixed Platforms.Build.0 = Debug|Any CPU
		{C4123F6A-0042-4E2F-B425-6A58B7E795DD}.Debug|x86.ActiveCfg = Debug|Any CPU
		{C4123F6A-0042-4E2F-B425-6A58B7E795DD}.Release|Any CPU.ActiveCfg = Release|Any CPU
		{C4123F6A-0042-4E2F-B425-6A58B7E795DD}.Release|Any CPU.Build.0 = Release|Any CPU
		{C4123F6A-0042-4E2F-B425-6A58B7E795DD}.Release|Mixed Platforms.ActiveCfg = Release|Any CPU
		{C4123F6A-0042-4E2F-B425-6A58B7E795DD}.Release|Mixed Platforms.Build.0 = Release|Any CPU
		{C4123F6A-0042-4E2F-B425-6A58B7E795DD}.Release|x86.ActiveCfg = Release|Any CPU
		{CB50D1D9-55E4-4A2B-8EC7-0ADDE8D7E3BD}.Debug|Any CPU.ActiveCfg = Debug|Any CPU
		{CB50D1D9-55E4-4A2B-8EC7-0ADDE8D7E3BD}.Debug|Any CPU.Build.0 = Debug|Any CPU
		{CB50D1D9-55E4-4A2B-8EC7-0ADDE8D7E3BD}.Debug|Mixed Platforms.ActiveCfg = Debug|Any CPU
		{CB50D1D9-55E4-4A2B-8EC7-0ADDE8D7E3BD}.Debug|Mixed Platforms.Build.0 = Debug|Any CPU
		{CB50D1D9-55E4-4A2B-8EC7-0ADDE8D7E3BD}.Debug|x86.ActiveCfg = Debug|Any CPU
		{CB50D1D9-55E4-4A2B-8EC7-0ADDE8D7E3BD}.Release|Any CPU.ActiveCfg = Release|Any CPU
		{CB50D1D9-55E4-4A2B-8EC7-0ADDE8D7E3BD}.Release|Any CPU.Build.0 = Release|Any CPU
		{CB50D1D9-55E4-4A2B-8EC7-0ADDE8D7E3BD}.Release|Mixed Platforms.ActiveCfg = Release|Any CPU
		{CB50D1D9-55E4-4A2B-8EC7-0ADDE8D7E3BD}.Release|Mixed Platforms.Build.0 = Release|Any CPU
		{CB50D1D9-55E4-4A2B-8EC7-0ADDE8D7E3BD}.Release|x86.ActiveCfg = Release|Any CPU
		{F62C525C-5A46-46E1-BD18-450ACAF06E26}.Debug|Any CPU.ActiveCfg = Debug|Any CPU
		{F62C525C-5A46-46E1-BD18-450ACAF06E26}.Debug|Any CPU.Build.0 = Debug|Any CPU
		{F62C525C-5A46-46E1-BD18-450ACAF06E26}.Debug|Mixed Platforms.ActiveCfg = Debug|Any CPU
		{F62C525C-5A46-46E1-BD18-450ACAF06E26}.Debug|Mixed Platforms.Build.0 = Debug|Any CPU
		{F62C525C-5A46-46E1-BD18-450ACAF06E26}.Debug|x86.ActiveCfg = Debug|Any CPU
		{F62C525C-5A46-46E1-BD18-450ACAF06E26}.Release|Any CPU.ActiveCfg = Release|Any CPU
		{F62C525C-5A46-46E1-BD18-450ACAF06E26}.Release|Any CPU.Build.0 = Release|Any CPU
		{F62C525C-5A46-46E1-BD18-450ACAF06E26}.Release|Mixed Platforms.ActiveCfg = Release|Any CPU
		{F62C525C-5A46-46E1-BD18-450ACAF06E26}.Release|Mixed Platforms.Build.0 = Release|Any CPU
		{F62C525C-5A46-46E1-BD18-450ACAF06E26}.Release|x86.ActiveCfg = Release|Any CPU
		{E8DE1B6E-2E22-4D41-A0F5-D39DB95ED115}.Debug|Any CPU.ActiveCfg = Debug|Any CPU
		{E8DE1B6E-2E22-4D41-A0F5-D39DB95ED115}.Debug|Any CPU.Build.0 = Debug|Any CPU
		{E8DE1B6E-2E22-4D41-A0F5-D39DB95ED115}.Debug|Mixed Platforms.ActiveCfg = Debug|Any CPU
		{E8DE1B6E-2E22-4D41-A0F5-D39DB95ED115}.Debug|Mixed Platforms.Build.0 = Debug|Any CPU
		{E8DE1B6E-2E22-4D41-A0F5-D39DB95ED115}.Debug|x86.ActiveCfg = Debug|Any CPU
		{E8DE1B6E-2E22-4D41-A0F5-D39DB95ED115}.Release|Any CPU.ActiveCfg = Release|Any CPU
		{E8DE1B6E-2E22-4D41-A0F5-D39DB95ED115}.Release|Any CPU.Build.0 = Release|Any CPU
		{E8DE1B6E-2E22-4D41-A0F5-D39DB95ED115}.Release|Mixed Platforms.ActiveCfg = Release|Any CPU
		{E8DE1B6E-2E22-4D41-A0F5-D39DB95ED115}.Release|Mixed Platforms.Build.0 = Release|Any CPU
		{E8DE1B6E-2E22-4D41-A0F5-D39DB95ED115}.Release|x86.ActiveCfg = Release|Any CPU
		{CBB18335-3979-44F1-8291-BA44C6EB17EB}.Debug|Any CPU.ActiveCfg = Debug|Any CPU
		{CBB18335-3979-44F1-8291-BA44C6EB17EB}.Debug|Any CPU.Build.0 = Debug|Any CPU
		{CBB18335-3979-44F1-8291-BA44C6EB17EB}.Debug|Mixed Platforms.ActiveCfg = Debug|Any CPU
		{CBB18335-3979-44F1-8291-BA44C6EB17EB}.Debug|Mixed Platforms.Build.0 = Debug|Any CPU
		{CBB18335-3979-44F1-8291-BA44C6EB17EB}.Debug|x86.ActiveCfg = Debug|Any CPU
		{CBB18335-3979-44F1-8291-BA44C6EB17EB}.Release|Any CPU.ActiveCfg = Release|Any CPU
		{CBB18335-3979-44F1-8291-BA44C6EB17EB}.Release|Any CPU.Build.0 = Release|Any CPU
		{CBB18335-3979-44F1-8291-BA44C6EB17EB}.Release|Mixed Platforms.ActiveCfg = Release|Any CPU
		{CBB18335-3979-44F1-8291-BA44C6EB17EB}.Release|Mixed Platforms.Build.0 = Release|Any CPU
		{CBB18335-3979-44F1-8291-BA44C6EB17EB}.Release|x86.ActiveCfg = Release|Any CPU
	EndGlobalSection
	GlobalSection(SolutionProperties) = preSolution
		HideSolutionNode = FALSE
	EndGlobalSection
EndGlobal
